
Microsoft Visual Studio Solution File, Format Version 12.00
Project("{FAE04EC0-301F-11D3-BF4B-00C04F79EFBC}") = "Merge", "Merge\Merge.csproj", "{BA9A4351-7148-485D-9A81-FC0F3FD06DE9}"
EndProject
Project("{FAE04EC0-301F-11D3-BF4B-00C04F79EFBC}") = "DatabaseOne", "DatabaseOne\DatabaseOne.csproj", "{1A86B32C-00DD-4F28-8CEF-E0FF904208BC}"
EndProject
Project("{FAE04EC0-301F-11D3-BF4B-00C04F79EFBC}") = "DatabaseTwo", "DatabaseTwo\DatabaseTwo.csproj", "{761F963C-E2D6-4A91-85EC-39A32261F323}"
EndProject
Global
	GlobalSection(SolutionConfigurationPlatforms) = preSolution
		Debug|Any CPU = Debug|Any CPU
		Release|Any CPU = Release|Any CPU
	EndGlobalSection
	GlobalSection(ProjectConfigurationPlatforms) = postSolution
		{BA9A4351-7148-485D-9A81-FC0F3FD06DE9}.Debug|Any CPU.ActiveCfg = Debug|Any CPU
		{BA9A4351-7148-485D-9A81-FC0F3FD06DE9}.Debug|Any CPU.Build.0 = Debug|Any CPU
		{BA9A4351-7148-485D-9A81-FC0F3FD06DE9}.Release|Any CPU.ActiveCfg = Release|Any CPU
		{BA9A4351-7148-485D-9A81-FC0F3FD06DE9}.Release|Any CPU.Build.0 = Release|Any CPU
		{1A86B32C-00DD-4F28-8CEF-E0FF904208BC}.Debug|Any CPU.ActiveCfg = Debug|Any CPU
		{1A86B32C-00DD-4F28-8CEF-E0FF904208BC}.Debug|Any CPU.Build.0 = Debug|Any CPU
		{1A86B32C-00DD-4F28-8CEF-E0FF904208BC}.Release|Any CPU.ActiveCfg = Release|Any CPU
		{1A86B32C-00DD-4F28-8CEF-E0FF904208BC}.Release|Any CPU.Build.0 = Release|Any CPU
		{761F963C-E2D6-4A91-85EC-39A32261F323}.Debug|Any CPU.ActiveCfg = Debug|Any CPU
		{761F963C-E2D6-4A91-85EC-39A32261F323}.Debug|Any CPU.Build.0 = Debug|Any CPU
		{761F963C-E2D6-4A91-85EC-39A32261F323}.Release|Any CPU.ActiveCfg = Release|Any CPU
		{761F963C-E2D6-4A91-85EC-39A32261F323}.Release|Any CPU.Build.0 = Release|Any CPU
	EndGlobalSection
EndGlobal
